
Microsoft Visual Studio Solution File, Format Version 12.00
# Visual Studio Version 17
Project("{8BC9CEB8-8B4A-11D0-8D11-00A0C91BC942}") = "ALL_BUILD", "ALL_BUILD.vcxproj", "{5AC3DEF9-D7E8-3C07-B08C-E999B37A70EA}"
	ProjectSection(ProjectDependencies) = postProject
		{D1A18A19-08CF-345D-B0BC-B3F1EAF630BD} = {D1A18A19-08CF-345D-B0BC-B3F1EAF630BD}
		{EBA87E27-5F02-3FE2-82C2-0148D1C063F0} = {EBA87E27-5F02-3FE2-82C2-0148D1C063F0}
		{D368D074-F634-3407-A45F-DA73A9CFDC60} = {D368D074-F634-3407-A45F-DA73A9CFDC60}
		{C0151C10-05C8-37A4-A42E-2050E1F1CCC3} = {C0151C10-05C8-37A4-A42E-2050E1F1CCC3}
	EndProjectSection
EndProject
Project("{8BC9CEB8-8B4A-11D0-8D11-00A0C91BC942}") = "INSTALL", "INSTALL.vcxproj", "{1975D110-D52C-39DA-991B-D366C5C15C1E}"
	ProjectSection(ProjectDependencies) = postProject
		{5AC3DEF9-D7E8-3C07-B08C-E999B37A70EA} = {5AC3DEF9-D7E8-3C07-B08C-E999B37A70EA}
		{D1A18A19-08CF-345D-B0BC-B3F1EAF630BD} = {D1A18A19-08CF-345D-B0BC-B3F1EAF630BD}
	EndProjectSection
EndProject
Project("{8BC9CEB8-8B4A-11D0-8D11-00A0C91BC942}") = "ZERO_CHECK", "ZERO_CHECK.vcxproj", "{D1A18A19-08CF-345D-B0BC-B3F1EAF630BD}"
	ProjectSection(ProjectDependencies) = postProject
	EndProjectSection
EndProject
Project("{8BC9CEB8-8B4A-11D0-8D11-00A0C91BC942}") = "cmake_example", "cmake_example.vcxproj", "{EBA87E27-5F02-3FE2-82C2-0148D1C063F0}"
	ProjectSection(ProjectDependencies) = postProject
		{D1A18A19-08CF-345D-B0BC-B3F1EAF630BD} = {D1A18A19-08CF-345D-B0BC-B3F1EAF630BD}
		{D368D074-F634-3407-A45F-DA73A9CFDC60} = {D368D074-F634-3407-A45F-DA73A9CFDC60}
		{C0151C10-05C8-37A4-A42E-2050E1F1CCC3} = {C0151C10-05C8-37A4-A42E-2050E1F1CCC3}
	EndProjectSection
EndProject
Project("{8BC9CEB8-8B4A-11D0-8D11-00A0C91BC942}") = "matplot", "matplotplusplus\source\matplot\matplot.vcxproj", "{D368D074-F634-3407-A45F-DA73A9CFDC60}"
	ProjectSection(ProjectDependencies) = postProject
		{D1A18A19-08CF-345D-B0BC-B3F1EAF630BD} = {D1A18A19-08CF-345D-B0BC-B3F1EAF630BD}
		{C0151C10-05C8-37A4-A42E-2050E1F1CCC3} = {C0151C10-05C8-37A4-A42E-2050E1F1CCC3}
	EndProjectSection
EndProject
Project("{8BC9CEB8-8B4A-11D0-8D11-00A0C91BC942}") = "nodesoup", "matplotplusplus\source\3rd_party\nodesoup.vcxproj", "{C0151C10-05C8-37A4-A42E-2050E1F1CCC3}"
	ProjectSection(ProjectDependencies) = postProject
		{D1A18A19-08CF-345D-B0BC-B3F1EAF630BD} = {D1A18A19-08CF-345D-B0BC-B3F1EAF630BD}
	EndProjectSection
EndProject
Global
	GlobalSection(SolutionConfigurationPlatforms) = preSolution
		Debug|x64 = Debug|x64
		Release|x64 = Release|x64
		MinSizeRel|x64 = MinSizeRel|x64
		RelWithDebInfo|x64 = RelWithDebInfo|x64
	EndGlobalSection
	GlobalSection(ProjectConfigurationPlatforms) = postSolution
		{5AC3DEF9-D7E8-3C07-B08C-E999B37A70EA}.Debug|x64.ActiveCfg = Debug|x64
		{5AC3DEF9-D7E8-3C07-B08C-E999B37A70EA}.Debug|x64.Build.0 = Debug|x64
		{5AC3DEF9-D7E8-3C07-B08C-E999B37A70EA}.Release|x64.ActiveCfg = Release|x64
		{5AC3DEF9-D7E8-3C07-B08C-E999B37A70EA}.Release|x64.Build.0 = Release|x64
		{5AC3DEF9-D7E8-3C07-B08C-E999B37A70EA}.MinSizeRel|x64.ActiveCfg = MinSizeRel|x64
		{5AC3DEF9-D7E8-3C07-B08C-E999B37A70EA}.MinSizeRel|x64.Build.0 = MinSizeRel|x64
		{5AC3DEF9-D7E8-3C07-B08C-E999B37A70EA}.RelWithDebInfo|x64.ActiveCfg = RelWithDebInfo|x64
		{5AC3DEF9-D7E8-3C07-B08C-E999B37A70EA}.RelWithDebInfo|x64.Build.0 = RelWithDebInfo|x64
		{1975D110-D52C-39DA-991B-D366C5C15C1E}.Debug|x64.ActiveCfg = Debug|x64
		{1975D110-D52C-39DA-991B-D366C5C15C1E}.Release|x64.ActiveCfg = Release|x64
		{1975D110-D52C-39DA-991B-D366C5C15C1E}.MinSizeRel|x64.ActiveCfg = MinSizeRel|x64
		{1975D110-D52C-39DA-991B-D366C5C15C1E}.RelWithDebInfo|x64.ActiveCfg = RelWithDebInfo|x64
		{D1A18A19-08CF-345D-B0BC-B3F1EAF630BD}.Debug|x64.ActiveCfg = Debug|x64
		{D1A18A19-08CF-345D-B0BC-B3F1EAF630BD}.Debug|x64.Build.0 = Debug|x64
		{D1A18A19-08CF-345D-B0BC-B3F1EAF630BD}.Release|x64.ActiveCfg = Release|x64
		{D1A18A19-08CF-345D-B0BC-B3F1EAF630BD}.Release|x64.Build.0 = Release|x64
		{D1A18A19-08CF-345D-B0BC-B3F1EAF630BD}.MinSizeRel|x64.ActiveCfg = MinSizeRel|x64
		{D1A18A19-08CF-345D-B0BC-B3F1EAF630BD}.MinSizeRel|x64.Build.0 = MinSizeRel|x64
		{D1A18A19-08CF-345D-B0BC-B3F1EAF630BD}.RelWithDebInfo|x64.ActiveCfg = RelWithDebInfo|x64
		{D1A18A19-08CF-345D-B0BC-B3F1EAF630BD}.RelWithDebInfo|x64.Build.0 = RelWithDebInfo|x64
		{EBA87E27-5F02-3FE2-82C2-0148D1C063F0}.Debug|x64.ActiveCfg = Debug|x64
		{EBA87E27-5F02-3FE2-82C2-0148D1C063F0}.Debug|x64.Build.0 = Debug|x64
		{EBA87E27-5F02-3FE2-82C2-0148D1C063F0}.Release|x64.ActiveCfg = Release|x64
		{EBA87E27-5F02-3FE2-82C2-0148D1C063F0}.Release|x64.Build.0 = Release|x64
		{EBA87E27-5F02-3FE2-82C2-0148D1C063F0}.MinSizeRel|x64.ActiveCfg = MinSizeRel|x64
		{EBA87E27-5F02-3FE2-82C2-0148D1C063F0}.MinSizeRel|x64.Build.0 = MinSizeRel|x64
		{EBA87E27-5F02-3FE2-82C2-0148D1C063F0}.RelWithDebInfo|x64.ActiveCfg = RelWithDebInfo|x64
		{EBA87E27-5F02-3FE2-82C2-0148D1C063F0}.RelWithDebInfo|x64.Build.0 = RelWithDebInfo|x64
		{D368D074-F634-3407-A45F-DA73A9CFDC60}.Debug|x64.ActiveCfg = Debug|x64
		{D368D074-F634-3407-A45F-DA73A9CFDC60}.Debug|x64.Build.0 = Debug|x64
		{D368D074-F634-3407-A45F-DA73A9CFDC60}.Release|x64.ActiveCfg = Release|x64
		{D368D074-F634-3407-A45F-DA73A9CFDC60}.Release|x64.Build.0 = Release|x64
		{D368D074-F634-3407-A45F-DA73A9CFDC60}.MinSizeRel|x64.ActiveCfg = MinSizeRel|x64
		{D368D074-F634-3407-A45F-DA73A9CFDC60}.MinSizeRel|x64.Build.0 = MinSizeRel|x64
		{D368D074-F634-3407-A45F-DA73A9CFDC60}.RelWithDebInfo|x64.ActiveCfg = RelWithDebInfo|x64
		{D368D074-F634-3407-A45F-DA73A9CFDC60}.RelWithDebInfo|x64.Build.0 = RelWithDebInfo|x64
		{C0151C10-05C8-37A4-A42E-2050E1F1CCC3}.Debug|x64.ActiveCfg = Debug|x64
		{C0151C10-05C8-37A4-A42E-2050E1F1CCC3}.Debug|x64.Build.0 = Debug|x64
		{C0151C10-05C8-37A4-A42E-2050E1F1CCC3}.Release|x64.ActiveCfg = Release|x64
		{C0151C10-05C8-37A4-A42E-2050E1F1CCC3}.Release|x64.Build.0 = Release|x64
		{C0151C10-05C8-37A4-A42E-2050E1F1CCC3}.MinSizeRel|x64.ActiveCfg = MinSizeRel|x64
		{C0151C10-05C8-37A4-A42E-2050E1F1CCC3}.MinSizeRel|x64.Build.0 = MinSizeRel|x64
		{C0151C10-05C8-37A4-A42E-2050E1F1CCC3}.RelWithDebInfo|x64.ActiveCfg = RelWithDebInfo|x64
		{C0151C10-05C8-37A4-A42E-2050E1F1CCC3}.RelWithDebInfo|x64.Build.0 = RelWithDebInfo|x64
	EndGlobalSection
	GlobalSection(ExtensibilityGlobals) = postSolution
		SolutionGuid = {4113A6D8-7FFD-3F2D-A92B-52CF53985E8D}
	EndGlobalSection
	GlobalSection(ExtensibilityAddIns) = postSolution
	EndGlobalSection
EndGlobal
